// !$*UTF8*$!
{
	archiveVersion = 1;
	classes = {
	};
	objectVersion = 52;
	objects = {

/* Begin PBXBuildFile section */
		B2C0A6C9268B2B7900CE65E5 /* Rap-Songs.mp3 in Resources */ = {isa = PBXBuildFile; fileRef = B2C0A6C8268B2B7900CE65E5 /* Rap-Songs.mp3 */; };
		FC1D451726535EBE00571B91 /* GoogleService-Info.plist in Resources */ = {isa = PBXBuildFile; fileRef = FC1D451626535EBE00571B91 /* GoogleService-Info.plist */; };
		FC1D451926535FB800571B91 /* AppDelegate.swift in Sources */ = {isa = PBXBuildFile; fileRef = FC1D451826535FB800571B91 /* AppDelegate.swift */; };
		FC1D451B265365E900571B91 /* UserData.swift in Sources */ = {isa = PBXBuildFile; fileRef = FC1D451A265365E900571B91 /* UserData.swift */; };
		FC2723E02653E1E60043D2B7 /* CreateAccount.swift in Sources */ = {isa = PBXBuildFile; fileRef = FC2723DF2653E1E60043D2B7 /* CreateAccount.swift */; };
		FC2723E5265DF20A0043D2B7 /* Kingfisher in Frameworks */ = {isa = PBXBuildFile; productRef = FC2723E4265DF20A0043D2B7 /* Kingfisher */; };
		FC2723E7265DF85D0043D2B7 /* FirebaseAnalyticsSwift-Beta in Frameworks */ = {isa = PBXBuildFile; productRef = FC2723E6265DF85D0043D2B7 /* FirebaseAnalyticsSwift-Beta */; };
		FC30F38326776DF000097A43 /* AVPlayer.swift in Sources */ = {isa = PBXBuildFile; fileRef = FC30F38226776DF000097A43 /* AVPlayer.swift */; };
		FC30F38926830FEA00097A43 /* FirebaseCrashlytics in Frameworks */ = {isa = PBXBuildFile; productRef = FC30F38826830FEA00097A43 /* FirebaseCrashlytics */; };
		FC3B9EF126395423007E993A /* Data.swift in Sources */ = {isa = PBXBuildFile; fileRef = FC3B9EF026395423007E993A /* Data.swift */; };
		FC8A6B9A2639054F00567B35 /* Rapplayers.swift in Sources */ = {isa = PBXBuildFile; fileRef = FC8A6B992639054F00567B35 /* Rapplayers.swift */; };
		FC8A6B9C2639054F00567B35 /* ContentView.swift in Sources */ = {isa = PBXBuildFile; fileRef = FC8A6B9B2639054F00567B35 /* ContentView.swift */; };
		FC8A6B9E2639055100567B35 /* Assets.xcassets in Resources */ = {isa = PBXBuildFile; fileRef = FC8A6B9D2639055100567B35 /* Assets.xcassets */; };
		FC8A6BA12639055100567B35 /* Preview Assets.xcassets in Resources */ = {isa = PBXBuildFile; fileRef = FC8A6BA02639055100567B35 /* Preview Assets.xcassets */; };
		FC8A6BAE263908D900567B35 /* FirebaseAuth in Frameworks */ = {isa = PBXBuildFile; productRef = FC8A6BAD263908D900567B35 /* FirebaseAuth */; };
		FC8A6BB326390B9B00567B35 /* FirebaseFirestoreSwift-Beta in Frameworks */ = {isa = PBXBuildFile; productRef = FC8A6BB226390B9B00567B35 /* FirebaseFirestoreSwift-Beta */; };
		FC8A6BB526390BB200567B35 /* FirebaseStorageSwift-Beta in Frameworks */ = {isa = PBXBuildFile; productRef = FC8A6BB426390BB200567B35 /* FirebaseStorageSwift-Beta */; };
		FCEB9D372642C17500752A22 /* FirebaseControl.swift in Sources */ = {isa = PBXBuildFile; fileRef = FCEB9D362642C17500752A22 /* FirebaseControl.swift */; };
		FCEB9D392643D34500752A22 /* CharactersPage.swift in Sources */ = {isa = PBXBuildFile; fileRef = FCEB9D382643D34500752A22 /* CharactersPage.swift */; };
		FCEB9D3B2643D6F900752A22 /* jf-openhuninn-1.1.ttf in Resources */ = {isa = PBXBuildFile; fileRef = FCEB9D3A2643D6F900752A22 /* jf-openhuninn-1.1.ttf */; };
		FCEB9D3D2646A1A000752A22 /* SignupPage.swift in Sources */ = {isa = PBXBuildFile; fileRef = FCEB9D3C2646A1A000752A22 /* SignupPage.swift */; };
		FCEB9D412649767F00752A22 /* Hanzipen.ttc in Resources */ = {isa = PBXBuildFile; fileRef = FCEB9D402649767E00752A22 /* Hanzipen.ttc */; };
/* End PBXBuildFile section */

/* Begin PBXFileReference section */
		B2C0A6C8268B2B7900CE65E5 /* Rap-Songs.mp3 */ = {isa = PBXFileReference; lastKnownFileType = audio.mp3; path = "Rap-Songs.mp3"; sourceTree = "<group>"; };
		FC1D451626535EBE00571B91 /* GoogleService-Info.plist */ = {isa = PBXFileReference; fileEncoding = 4; lastKnownFileType = text.plist.xml; path = "GoogleService-Info.plist"; sourceTree = "<group>"; };
		FC1D451826535FB800571B91 /* AppDelegate.swift */ = {isa = PBXFileReference; lastKnownFileType = sourcecode.swift; path = AppDelegate.swift; sourceTree = "<group>"; };
		FC1D451A265365E900571B91 /* UserData.swift */ = {isa = PBXFileReference; lastKnownFileType = sourcecode.swift; path = UserData.swift; sourceTree = "<group>"; };
		FC2723DF2653E1E60043D2B7 /* CreateAccount.swift */ = {isa = PBXFileReference; lastKnownFileType = sourcecode.swift; path = CreateAccount.swift; sourceTree = "<group>"; };
		FC30F38226776DF000097A43 /* AVPlayer.swift */ = {isa = PBXFileReference; lastKnownFileType = sourcecode.swift; path = AVPlayer.swift; sourceTree = "<group>"; };
		FC3B9EF026395423007E993A /* Data.swift */ = {isa = PBXFileReference; lastKnownFileType = sourcecode.swift; path = Data.swift; sourceTree = "<group>"; };
		FC8A6B962639054F00567B35 /* Rappplayers.app */ = {isa = PBXFileReference; explicitFileType = wrapper.application; includeInIndex = 0; path = Rappplayers.app; sourceTree = BUILT_PRODUCTS_DIR; };
		FC8A6B992639054F00567B35 /* Rapplayers.swift */ = {isa = PBXFileReference; lastKnownFileType = sourcecode.swift; path = Rapplayers.swift; sourceTree = "<group>"; };
		FC8A6B9B2639054F00567B35 /* ContentView.swift */ = {isa = PBXFileReference; lastKnownFileType = sourcecode.swift; path = ContentView.swift; sourceTree = "<group>"; };
		FC8A6B9D2639055100567B35 /* Assets.xcassets */ = {isa = PBXFileReference; lastKnownFileType = folder.assetcatalog; path = Assets.xcassets; sourceTree = "<group>"; };
		FC8A6BA02639055100567B35 /* Preview Assets.xcassets */ = {isa = PBXFileReference; lastKnownFileType = folder.assetcatalog; path = "Preview Assets.xcassets"; sourceTree = "<group>"; };
		FC8A6BA22639055100567B35 /* Info.plist */ = {isa = PBXFileReference; lastKnownFileType = text.plist.xml; path = Info.plist; sourceTree = "<group>"; };
		FCEB9D362642C17500752A22 /* FirebaseControl.swift */ = {isa = PBXFileReference; lastKnownFileType = sourcecode.swift; path = FirebaseControl.swift; sourceTree = "<group>"; };
		FCEB9D382643D34500752A22 /* CharactersPage.swift */ = {isa = PBXFileReference; lastKnownFileType = sourcecode.swift; path = CharactersPage.swift; sourceTree = "<group>"; };
		FCEB9D3A2643D6F900752A22 /* jf-openhuninn-1.1.ttf */ = {isa = PBXFileReference; lastKnownFileType = file; path = "jf-openhuninn-1.1.ttf"; sourceTree = "<group>"; };
		FCEB9D3C2646A1A000752A22 /* SignupPage.swift */ = {isa = PBXFileReference; lastKnownFileType = sourcecode.swift; path = SignupPage.swift; sourceTree = "<group>"; };
		FCEB9D402649767E00752A22 /* Hanzipen.ttc */ = {isa = PBXFileReference; lastKnownFileType = file; path = Hanzipen.ttc; sourceTree = "<group>"; };
/* End PBXFileReference section */

/* Begin PBXFrameworksBuildPhase section */
		FC8A6B932639054F00567B35 /* Frameworks */ = {
			isa = PBXFrameworksBuildPhase;
			buildActionMask = 2147483647;
			files = (
				FC2723E7265DF85D0043D2B7 /* FirebaseAnalyticsSwift-Beta in Frameworks */,
				FC2723E5265DF20A0043D2B7 /* Kingfisher in Frameworks */,
				FC8A6BAE263908D900567B35 /* FirebaseAuth in Frameworks */,
				FC30F38926830FEA00097A43 /* FirebaseCrashlytics in Frameworks */,
				FC8A6BB326390B9B00567B35 /* FirebaseFirestoreSwift-Beta in Frameworks */,
				FC8A6BB526390BB200567B35 /* FirebaseStorageSwift-Beta in Frameworks */,
			);
			runOnlyForDeploymentPostprocessing = 0;
		};
/* End PBXFrameworksBuildPhase section */

/* Begin PBXGroup section */
		FC306A042664D1E800F6BA58 /* Signup */ = {
			isa = PBXGroup;
			children = (
				FC8A6B9B2639054F00567B35 /* ContentView.swift */,
				FC2723DF2653E1E60043D2B7 /* CreateAccount.swift */,
				FCEB9D3C2646A1A000752A22 /* SignupPage.swift */,
				FCEB9D382643D34500752A22 /* CharactersPage.swift */,
			);
			path = Signup;
			sourceTree = "<group>";
		};
		FC306A062664D23600F6BA58 /* Models */ = {
			isa = PBXGroup;
			children = (
				FC1D451A265365E900571B91 /* UserData.swift */,
				FC3B9EF026395423007E993A /* Data.swift */,
			);
			path = Models;
			sourceTree = "<group>";
		};
		FC306A072664D25500F6BA58 /* Others */ = {
			isa = PBXGroup;
			children = (
				B2C0A6C8268B2B7900CE65E5 /* Rap-Songs.mp3 */,
				FCEB9D3A2643D6F900752A22 /* jf-openhuninn-1.1.ttf */,
				FCEB9D402649767E00752A22 /* Hanzipen.ttc */,
				FC1D451626535EBE00571B91 /* GoogleService-Info.plist */,
			);
			path = Others;
			sourceTree = "<group>";
		};
		FC30F3842678957700097A43 /* Views */ = {
			isa = PBXGroup;
			children = (
				FC306A042664D1E800F6BA58 /* Signup */,
			);
			path = Views;
			sourceTree = "<group>";
		};
		FC30F3852678966800097A43 /* ViewModels */ = {
			isa = PBXGroup;
			children = (
				FCEB9D362642C17500752A22 /* FirebaseControl.swift */,
				FC30F38226776DF000097A43 /* AVPlayer.swift */,
			);
			path = ViewModels;
			sourceTree = "<group>";
		};
		FC8A6B8D2639054F00567B35 = {
			isa = PBXGroup;
			children = (
				FC8A6B982639054F00567B35 /* Rappplayers */,
				FC8A6B972639054F00567B35 /* Products */,
				FC8A6BAF26390B8100567B35 /* Frameworks */,
			);
			sourceTree = "<group>";
		};
		FC8A6B972639054F00567B35 /* Products */ = {
			isa = PBXGroup;
			children = (
				FC8A6B962639054F00567B35 /* Rappplayers.app */,
			);
			name = Products;
			sourceTree = "<group>";
		};
		FC8A6B982639054F00567B35 /* Rappplayers */ = {
			isa = PBXGroup;
			children = (
				FC8A6BA22639055100567B35 /* Info.plist */,
				FC1D451826535FB800571B91 /* AppDelegate.swift */,
				FC8A6B992639054F00567B35 /* Rapplayers.swift */,
				FC30F3842678957700097A43 /* Views */,
				FC30F3852678966800097A43 /* ViewModels */,
				FC306A062664D23600F6BA58 /* Models */,
				FC306A072664D25500F6BA58 /* Others */,
				FC8A6B9D2639055100567B35 /* Assets.xcassets */,
				FC8A6B9F2639055100567B35 /* Preview Content */,
			);
			path = Rappplayers;
			sourceTree = "<group>";
		};
		FC8A6B9F2639055100567B35 /* Preview Content */ = {
			isa = PBXGroup;
			children = (
				FC8A6BA02639055100567B35 /* Preview Assets.xcassets */,
			);
			path = "Preview Content";
			sourceTree = "<group>";
		};
		FC8A6BAF26390B8100567B35 /* Frameworks */ = {
			isa = PBXGroup;
			children = (
			);
			name = Frameworks;
			sourceTree = "<group>";
		};
/* End PBXGroup section */

/* Begin PBXNativeTarget section */
		FC8A6B952639054F00567B35 /* Rappplayers */ = {
			isa = PBXNativeTarget;
			buildConfigurationList = FC8A6BA52639055100567B35 /* Build configuration list for PBXNativeTarget "Rappplayers" */;
			buildPhases = (
				FC8A6B922639054F00567B35 /* Sources */,
				FC8A6B932639054F00567B35 /* Frameworks */,
				FC8A6B942639054F00567B35 /* Resources */,
				FC30F38A2683105A00097A43 /* ShellScript */,
			);
			buildRules = (
			);
			dependencies = (
			);
			name = Rappplayers;
			packageProductDependencies = (
				FC8A6BAD263908D900567B35 /* FirebaseAuth */,
				FC8A6BB226390B9B00567B35 /* FirebaseFirestoreSwift-Beta */,
				FC8A6BB426390BB200567B35 /* FirebaseStorageSwift-Beta */,
				FC2723E4265DF20A0043D2B7 /* Kingfisher */,
				FC2723E6265DF85D0043D2B7 /* FirebaseAnalyticsSwift-Beta */,
				FC30F38826830FEA00097A43 /* FirebaseCrashlytics */,
			);
			productName = IOS_FinalProject;
			productReference = FC8A6B962639054F00567B35 /* Rappplayers.app */;
			productType = "com.apple.product-type.application";
		};
/* End PBXNativeTarget section */

/* Begin PBXProject section */
		FC8A6B8E2639054F00567B35 /* Project object */ = {
			isa = PBXProject;
			attributes = {
				LastSwiftUpdateCheck = 1250;
				LastUpgradeCheck = 1250;
				TargetAttributes = {
					FC8A6B952639054F00567B35 = {
						CreatedOnToolsVersion = 12.5;
					};
				};
			};
			buildConfigurationList = FC8A6B912639054F00567B35 /* Build configuration list for PBXProject "Rappplayers" */;
			compatibilityVersion = "Xcode 9.3";
			developmentRegion = en;
			hasScannedForEncodings = 0;
			knownRegions = (
				en,
				Base,
				"zh-Hant",
			);
			mainGroup = FC8A6B8D2639054F00567B35;
			packageReferences = (
				FC8A6BAC263908D900567B35 /* XCRemoteSwiftPackageReference "firebase-ios-sdk" */,
				FC8A6BB826390E6A00567B35 /* XCRemoteSwiftPackageReference "facebook-ios-sdk" */,
				FC2723E3265DF2090043D2B7 /* XCRemoteSwiftPackageReference "Kingfisher" */,
			);
			productRefGroup = FC8A6B972639054F00567B35 /* Products */;
			projectDirPath = "";
			projectRoot = "";
			targets = (
				FC8A6B952639054F00567B35 /* Rappplayers */,
			);
		};
/* End PBXProject section */

/* Begin PBXResourcesBuildPhase section */
		FC8A6B942639054F00567B35 /* Resources */ = {
			isa = PBXResourcesBuildPhase;
			buildActionMask = 2147483647;
			files = (
				FC8A6BA12639055100567B35 /* Preview Assets.xcassets in Resources */,
				FCEB9D3B2643D6F900752A22 /* jf-openhuninn-1.1.ttf in Resources */,
				FCEB9D412649767F00752A22 /* Hanzipen.ttc in Resources */,
				FC8A6B9E2639055100567B35 /* Assets.xcassets in Resources */,
				FC1D451726535EBE00571B91 /* GoogleService-Info.plist in Resources */,
				B2C0A6C9268B2B7900CE65E5 /* Rap-Songs.mp3 in Resources */,
			);
			runOnlyForDeploymentPostprocessing = 0;
		};
/* End PBXResourcesBuildPhase section */

/* Begin PBXShellScriptBuildPhase section */
		FC30F38A2683105A00097A43 /* ShellScript */ = {
			isa = PBXShellScriptBuildPhase;
			buildActionMask = 2147483647;
			files = (
			);
			inputFileListPaths = (
			);
			inputPaths = (
				"${DWARF_DSYM_FOLDER_PATH}/${DWARF_DSYM_FILE_NAME}/Contents/Resources/DWARF/${TARGET_NAME}",
				"$(SRCROOT)/$(BUILT_PRODUCTS_DIR)/$(INFOPLIST_PATH)",
			);
			outputFileListPaths = (
			);
			outputPaths = (
			);
			runOnlyForDeploymentPostprocessing = 0;
			shellPath = /bin/sh;
			shellScript = "\"${BUILD_DIR%Build/*}SourcePackages/checkouts/firebase-ios-sdk/Crashlytics/run\"\n";
		};
/* End PBXShellScriptBuildPhase section */

/* Begin PBXSourcesBuildPhase section */
		FC8A6B922639054F00567B35 /* Sources */ = {
			isa = PBXSourcesBuildPhase;
			buildActionMask = 2147483647;
			files = (
				FC8A6B9C2639054F00567B35 /* ContentView.swift in Sources */,
				FCEB9D372642C17500752A22 /* FirebaseControl.swift in Sources */,
				FC8A6B9A2639054F00567B35 /* Rapplayers.swift in Sources */,
				FC1D451B265365E900571B91 /* UserData.swift in Sources */,
				FC1D451926535FB800571B91 /* AppDelegate.swift in Sources */,
				FCEB9D392643D34500752A22 /* CharactersPage.swift in Sources */,
				FC30F38326776DF000097A43 /* AVPlayer.swift in Sources */,
				FC2723E02653E1E60043D2B7 /* CreateAccount.swift in Sources */,
				FCEB9D3D2646A1A000752A22 /* SignupPage.swift in Sources */,
				FC3B9EF126395423007E993A /* Data.swift in Sources */,
			);
			runOnlyForDeploymentPostprocessing = 0;
		};
/* End PBXSourcesBuildPhase section */

/* Begin XCBuildConfiguration section */
		FC8A6BA32639055100567B35 /* Debug */ = {
			isa = XCBuildConfiguration;
			buildSettings = {
				ALWAYS_SEARCH_USER_PATHS = NO;
				CLANG_ANALYZER_NONNULL = YES;
				CLANG_ANALYZER_NUMBER_OBJECT_CONVERSION = YES_AGGRESSIVE;
				CLANG_CXX_LANGUAGE_STANDARD = "gnu++14";
				CLANG_CXX_LIBRARY = "libc++";
				CLANG_ENABLE_MODULES = YES;
				CLANG_ENABLE_OBJC_ARC = YES;
				CLANG_ENABLE_OBJC_WEAK = YES;
				CLANG_WARN_BLOCK_CAPTURE_AUTORELEASING = YES;
				CLANG_WARN_BOOL_CONVERSION = YES;
				CLANG_WARN_COMMA = YES;
				CLANG_WARN_CONSTANT_CONVERSION = YES;
				CLANG_WARN_DEPRECATED_OBJC_IMPLEMENTATIONS = YES;
				CLANG_WARN_DIRECT_OBJC_ISA_USAGE = YES_ERROR;
				CLANG_WARN_DOCUMENTATION_COMMENTS = YES;
				CLANG_WARN_EMPTY_BODY = YES;
				CLANG_WARN_ENUM_CONVERSION = YES;
				CLANG_WARN_INFINITE_RECURSION = YES;
				CLANG_WARN_INT_CONVERSION = YES;
				CLANG_WARN_NON_LITERAL_NULL_CONVERSION = YES;
				CLANG_WARN_OBJC_IMPLICIT_RETAIN_SELF = YES;
				CLANG_WARN_OBJC_LITERAL_CONVERSION = YES;
				CLANG_WARN_OBJC_ROOT_CLASS = YES_ERROR;
				CLANG_WARN_QUOTED_INCLUDE_IN_FRAMEWORK_HEADER = YES;
				CLANG_WARN_RANGE_LOOP_ANALYSIS = YES;
				CLANG_WARN_STRICT_PROTOTYPES = YES;
				CLANG_WARN_SUSPICIOUS_MOVE = YES;
				CLANG_WARN_UNGUARDED_AVAILABILITY = YES_AGGRESSIVE;
				CLANG_WARN_UNREACHABLE_CODE = YES;
				CLANG_WARN__DUPLICATE_METHOD_MATCH = YES;
				COPY_PHASE_STRIP = NO;
				DEBUG_INFORMATION_FORMAT = dwarf;
				ENABLE_STRICT_OBJC_MSGSEND = YES;
				ENABLE_TESTABILITY = YES;
				GCC_C_LANGUAGE_STANDARD = gnu11;
				GCC_DYNAMIC_NO_PIC = NO;
				GCC_NO_COMMON_BLOCKS = YES;
				GCC_OPTIMIZATION_LEVEL = 0;
				GCC_PREPROCESSOR_DEFINITIONS = (
					"DEBUG=1",
					"$(inherited)",
				);
				GCC_WARN_64_TO_32_BIT_CONVERSION = YES;
				GCC_WARN_ABOUT_RETURN_TYPE = YES_ERROR;
				GCC_WARN_UNDECLARED_SELECTOR = YES;
				GCC_WARN_UNINITIALIZED_AUTOS = YES_AGGRESSIVE;
				GCC_WARN_UNUSED_FUNCTION = YES;
				GCC_WARN_UNUSED_VARIABLE = YES;
				IPHONEOS_DEPLOYMENT_TARGET = 14.5;
				MTL_ENABLE_DEBUG_INFO = INCLUDE_SOURCE;
				MTL_FAST_MATH = YES;
				ONLY_ACTIVE_ARCH = YES;
				SDKROOT = iphoneos;
				SWIFT_ACTIVE_COMPILATION_CONDITIONS = DEBUG;
				SWIFT_OPTIMIZATION_LEVEL = "-Onone";
			};
			name = Debug;
		};
		FC8A6BA42639055100567B35 /* Release */ = {
			isa = XCBuildConfiguration;
			buildSettings = {
				ALWAYS_SEARCH_USER_PATHS = NO;
				CLANG_ANALYZER_NONNULL = YES;
				CLANG_ANALYZER_NUMBER_OBJECT_CONVERSION = YES_AGGRESSIVE;
				CLANG_CXX_LANGUAGE_STANDARD = "gnu++14";
				CLANG_CXX_LIBRARY = "libc++";
				CLANG_ENABLE_MODULES = YES;
				CLANG_ENABLE_OBJC_ARC = YES;
				CLANG_ENABLE_OBJC_WEAK = YES;
				CLANG_WARN_BLOCK_CAPTURE_AUTORELEASING = YES;
				CLANG_WARN_BOOL_CONVERSION = YES;
				CLANG_WARN_COMMA = YES;
				CLANG_WARN_CONSTANT_CONVERSION = YES;
				CLANG_WARN_DEPRECATED_OBJC_IMPLEMENTATIONS = YES;
				CLANG_WARN_DIRECT_OBJC_ISA_USAGE = YES_ERROR;
				CLANG_WARN_DOCUMENTATION_COMMENTS = YES;
				CLANG_WARN_EMPTY_BODY = YES;
				CLANG_WARN_ENUM_CONVERSION = YES;
				CLANG_WARN_INFINITE_RECURSION = YES;
				CLANG_WARN_INT_CONVERSION = YES;
				CLANG_WARN_NON_LITERAL_NULL_CONVERSION = YES;
				CLANG_WARN_OBJC_IMPLICIT_RETAIN_SELF = YES;
				CLANG_WARN_OBJC_LITERAL_CONVERSION = YES;
				CLANG_WARN_OBJC_ROOT_CLASS = YES_ERROR;
				CLANG_WARN_QUOTED_INCLUDE_IN_FRAMEWORK_HEADER = YES;
				CLANG_WARN_RANGE_LOOP_ANALYSIS = YES;
				CLANG_WARN_STRICT_PROTOTYPES = YES;
				CLANG_WARN_SUSPICIOUS_MOVE = YES;
				CLANG_WARN_UNGUARDED_AVAILABILITY = YES_AGGRESSIVE;
				CLANG_WARN_UNREACHABLE_CODE = YES;
				CLANG_WARN__DUPLICATE_METHOD_MATCH = YES;
				COPY_PHASE_STRIP = NO;
				DEBUG_INFORMATION_FORMAT = "dwarf-with-dsym";
				ENABLE_NS_ASSERTIONS = NO;
				ENABLE_STRICT_OBJC_MSGSEND = YES;
				GCC_C_LANGUAGE_STANDARD = gnu11;
				GCC_NO_COMMON_BLOCKS = YES;
				GCC_WARN_64_TO_32_BIT_CONVERSION = YES;
				GCC_WARN_ABOUT_RETURN_TYPE = YES_ERROR;
				GCC_WARN_UNDECLARED_SELECTOR = YES;
				GCC_WARN_UNINITIALIZED_AUTOS = YES_AGGRESSIVE;
				GCC_WARN_UNUSED_FUNCTION = YES;
				GCC_WARN_UNUSED_VARIABLE = YES;
				IPHONEOS_DEPLOYMENT_TARGET = 14.5;
				MTL_ENABLE_DEBUG_INFO = NO;
				MTL_FAST_MATH = YES;
				SDKROOT = iphoneos;
				SWIFT_COMPILATION_MODE = wholemodule;
				SWIFT_OPTIMIZATION_LEVEL = "-O";
				VALIDATE_PRODUCT = YES;
			};
			name = Release;
		};
		FC8A6BA62639055100567B35 /* Debug */ = {
			isa = XCBuildConfiguration;
			buildSettings = {
				ASSETCATALOG_COMPILER_APPICON_NAME = AppIcon;
				ASSETCATALOG_COMPILER_GLOBAL_ACCENT_COLOR_NAME = AccentColor;
				CODE_SIGN_STYLE = Automatic;
				DEBUG_INFORMATION_FORMAT = "dwarf-with-dsym";
				DEVELOPMENT_ASSET_PATHS = "\"IOS_FinalProject/Preview Content\"";
				DEVELOPMENT_TEAM = 764C65R866;
				ENABLE_PREVIEWS = YES;
				INFOPLIST_FILE = IOS_FinalProject/Info.plist;
				IPHONEOS_DEPLOYMENT_TARGET = 14.0;
				LD_RUNPATH_SEARCH_PATHS = (
					"$(inherited)",
					"@executable_path/Frameworks",
				);
				OTHER_LDFLAGS = "-ObjC";
				PRODUCT_BUNDLE_IDENTIFIER = "dylan.IOS-FinalProject";
				PRODUCT_NAME = "$(TARGET_NAME)";
				SWIFT_VERSION = 5.0;
				TARGETED_DEVICE_FAMILY = "1,2";
			};
			name = Debug;
		};
		FC8A6BA72639055100567B35 /* Release */ = {
			isa = XCBuildConfiguration;
			buildSettings = {
				ASSETCATALOG_COMPILER_APPICON_NAME = AppIcon;
				ASSETCATALOG_COMPILER_GLOBAL_ACCENT_COLOR_NAME = AccentColor;
				CODE_SIGN_STYLE = Automatic;
				DEVELOPMENT_ASSET_PATHS = "\"IOS_FinalProject/Preview Content\"";
				DEVELOPMENT_TEAM = 764C65R866;
				ENABLE_PREVIEWS = YES;
				INFOPLIST_FILE = IOS_FinalProject/Info.plist;
				IPHONEOS_DEPLOYMENT_TARGET = 14.0;
				LD_RUNPATH_SEARCH_PATHS = (
					"$(inherited)",
					"@executable_path/Frameworks",
				);
				OTHER_LDFLAGS = "-ObjC";
				PRODUCT_BUNDLE_IDENTIFIER = "dylan.IOS-FinalProject";
				PRODUCT_NAME = "$(TARGET_NAME)";
				SWIFT_VERSION = 5.0;
				TARGETED_DEVICE_FAMILY = "1,2";
			};
			name = Release;
		};
/* End XCBuildConfiguration section */

/* Begin XCConfigurationList section */
		FC8A6B912639054F00567B35 /* Build configuration list for PBXProject "Rappplayers" */ = {
			isa = XCConfigurationList;
			buildConfigurations = (
				FC8A6BA32639055100567B35 /* Debug */,
				FC8A6BA42639055100567B35 /* Release */,
			);
			defaultConfigurationIsVisible = 0;
			defaultConfigurationName = Release;
		};
		FC8A6BA52639055100567B35 /* Build configuration list for PBXNativeTarget "Rappplayers" */ = {
			isa = XCConfigurationList;
			buildConfigurations = (
				FC8A6BA62639055100567B35 /* Debug */,
				FC8A6BA72639055100567B35 /* Release */,
			);
			defaultConfigurationIsVisible = 0;
			defaultConfigurationName = Release;
		};
/* End XCConfigurationList section */

/* Begin XCRemoteSwiftPackageReference section */
		FC2723E3265DF2090043D2B7 /* XCRemoteSwiftPackageReference "Kingfisher" */ = {
			isa = XCRemoteSwiftPackageReference;
			repositoryURL = "https://github.com/onevcat/Kingfisher";
			requirement = {
				kind = upToNextMajorVersion;
				minimumVersion = 6.3.0;
			};
		};
		FC8A6BAC263908D900567B35 /* XCRemoteSwiftPackageReference "firebase-ios-sdk" */ = {
			isa = XCRemoteSwiftPackageReference;
			repositoryURL = "https://github.com/firebase/firebase-ios-sdk.git";
			requirement = {
				kind = upToNextMajorVersion;
				minimumVersion = 7.11.1;
			};
		};
		FC8A6BB826390E6A00567B35 /* XCRemoteSwiftPackageReference "facebook-ios-sdk" */ = {
			isa = XCRemoteSwiftPackageReference;
			repositoryURL = "https://github.com/facebook/facebook-ios-sdk.git";
			requirement = {
				kind = upToNextMajorVersion;
				minimumVersion = 9.2.0;
			};
		};
/* End XCRemoteSwiftPackageReference section */

/* Begin XCSwiftPackageProductDependency section */
		FC2723E4265DF20A0043D2B7 /* Kingfisher */ = {
			isa = XCSwiftPackageProductDependency;
			package = FC2723E3265DF2090043D2B7 /* XCRemoteSwiftPackageReference "Kingfisher" */;
			productName = Kingfisher;
		};
		FC2723E6265DF85D0043D2B7 /* FirebaseAnalyticsSwift-Beta */ = {
			isa = XCSwiftPackageProductDependency;
			package = FC8A6BAC263908D900567B35 /* XCRemoteSwiftPackageReference "firebase-ios-sdk" */;
			productName = "FirebaseAnalyticsSwift-Beta";
		};
		FC30F38826830FEA00097A43 /* FirebaseCrashlytics */ = {
			isa = XCSwiftPackageProductDependency;
			package = FC8A6BAC263908D900567B35 /* XCRemoteSwiftPackageReference "firebase-ios-sdk" */;
			productName = FirebaseCrashlytics;
		};
		FC8A6BAD263908D900567B35 /* FirebaseAuth */ = {
			isa = XCSwiftPackageProductDependency;
			package = FC8A6BAC263908D900567B35 /* XCRemoteSwiftPackageReference "firebase-ios-sdk" */;
			productName = FirebaseAuth;
		};
		FC8A6BB226390B9B00567B35 /* FirebaseFirestoreSwift-Beta */ = {
			isa = XCSwiftPackageProductDependency;
			package = FC8A6BAC263908D900567B35 /* XCRemoteSwiftPackageReference "firebase-ios-sdk" */;
			productName = "FirebaseFirestoreSwift-Beta";
		};
		FC8A6BB426390BB200567B35 /* FirebaseStorageSwift-Beta */ = {
			isa = XCSwiftPackageProductDependency;
			package = FC8A6BAC263908D900567B35 /* XCRemoteSwiftPackageReference "firebase-ios-sdk" */;
			productName = "FirebaseStorageSwift-Beta";
		};
/* End XCSwiftPackageProductDependency section */
	};
	rootObject = FC8A6B8E2639054F00567B35 /* Project object */;
}
